{
  "name": "downloadimages",
  "version": "1.0.0",
  "lockfileVersion": 1,
  "requires": true,
  "dependencies": {
    "csv-parse": {
      "version": "4.15.0",
      "resolved": "https://registry.npmjs.org/csv-parse/-/csv-parse-4.15.0.tgz",
      "integrity": "sha512-y2wGeU/ybvUlyw6F+eanM6lxxE4JthCuHuaoTgPXdw6ImmfYXqtP0nrCLqd6Ew/a0FgPEz36y5HznI0W5oJ+cg=="
    },
    "image-downloader": {
      "version": "4.0.2",
      "resolved": "https://registry.npmjs.org/image-downloader/-/image-downloader-4.0.2.tgz",
      "integrity": "sha512-lk3kQ5dwGMZz2Q1UHAFVOhTLW73lV55s5DSM4rDPttEKtRrf9yEWxwRlXp9xIr7owvTeIEAc4VCPAghunlNxzQ=="
    }
  }
}
